dependencies:
  idf:
    source:
      type: idf
    version: 5.4.4
  lvgl/lvgl:
    component_hash: d7c1ac037ae6e85d94897f807d6e7ba0946a83e720074fc95a4f6241da9f9f53
    dependencies: []
    source:
      registry_url: https://components.espressif.com/
      type: service
    version: 8.4.0
direct_dependencies:
- idf
- lvgl/lvgl
manifest_hash: 5e18ac62ee3cfa630091eba3d653b7c8b819aad88d28eba1ee265414ec7c0e9a
target: esp32p4
version: 2.0.0
